
Microsoft Visual Studio Solution File, Format Version 9.00
# Visual Studio 2005
Project("{8BC9CEB8-8B4A-11D0-8D11-00A0C91BC942}") = "EUClient", "EUClient\EUClient.vcproj", "{AABA77E2-6B8D-4B60-BE16-107A3E1DF8A2}"
EndProject
Global
	GlobalSection(SolutionConfigurationPlatforms) = preSolution
		Debug|Win32 = Debug|Win32
		Release|Win32 = Release|Win32
	EndGlobalSection
	GlobalSection(ProjectConfigurationPlatforms) = postSolution
		{AABA77E2-6B8D-4B60-BE16-107A3E1DF8A2}.Debug|Win32.ActiveCfg = Debug|Win32
		{AABA77E2-6B8D-4B60-BE16-107A3E1DF8A2}.Debug|Win32.Build.0 = Debug|Win32
		{AABA77E2-6B8D-4B60-BE16-107A3E1DF8A2}.Release|Win32.ActiveCfg = Release|Win32
		{AABA77E2-6B8D-4B60-BE16-107A3E1DF8A2}.Release|Win32.Build.0 = Release|Win32
	EndGlobalSection
	GlobalSection(SolutionProperties) = preSolution
		HideSolutionNode = FALSE
	EndGlobalSection
EndGlobal
